
Microsoft Visual Studio Solution File, Format Version 12.00
# Visual Studio Version 16
VisualStudioVersion = 16.0.31729.503
MinimumVisualStudioVersion = 10.0.40219.1
Project("{FAE04EC0-301F-11D3-BF4B-00C04F79EFBC}") = "Prime Number spiral", "Prime Number spiral.csproj", "{B98B3C2F-6996-4731-A9D1-3F91CB785934}"
EndProject
Global
	GlobalSection(SolutionConfigurationPlatforms) = preSolution
		Debug|Any CPU = Debug|Any CPU
		Release|Any CPU = Release|Any CPU
	EndGlobalSection
	GlobalSection(ProjectConfigurationPlatforms) = postSolution
		{B98B3C2F-6996-4731-A9D1-3F91CB785934}.Debug|Any CPU.ActiveCfg = Debug|Any CPU
		{B98B3C2F-6996-4731-A9D1-3F91CB785934}.Debug|Any CPU.Build.0 = Debug|Any CPU
		{B98B3C2F-6996-4731-A9D1-3F91CB785934}.Release|Any CPU.ActiveCfg = Release|Any CPU
		{B98B3C2F-6996-4731-A9D1-3F91CB785934}.Release|Any CPU.Build.0 = Release|Any CPU
	EndGlobalSection
	GlobalSection(SolutionProperties) = preSolution
		HideSolutionNode = FALSE
	EndGlobalSection
	GlobalSection(ExtensibilityGlobals) = postSolution
		SolutionGuid = {F268C77C-7D16-4481-B0F7-FE86A4F619C7}
	EndGlobalSection
EndGlobal
